
Microsoft Visual Studio Solution File, Format Version 12.00
# Visual Studio Version 16
VisualStudioVersion = 16.0.30907.101
MinimumVisualStudioVersion = 10.0.40219.1
Project("{FAE04EC0-301F-11D3-BF4B-00C04F79EFBC}") = "HW4", "HW4\HW4.csproj", "{DCBAB5BE-98F1-4BDF-99AD-2E69A2A45596}"
EndProject
Global
	GlobalSection(SolutionConfigurationPlatforms) = preSolution
		Debug|Any CPU = Debug|Any CPU
		Release|Any CPU = Release|Any CPU
	EndGlobalSection
	GlobalSection(ProjectConfigurationPlatforms) = postSolution
		{DCBAB5BE-98F1-4BDF-99AD-2E69A2A45596}.Debug|Any CPU.ActiveCfg = Debug|Any CPU
		{DCBAB5BE-98F1-4BDF-99AD-2E69A2A45596}.Debug|Any CPU.Build.0 = Debug|Any CPU
		{DCBAB5BE-98F1-4BDF-99AD-2E69A2A45596}.Release|Any CPU.ActiveCfg = Release|Any CPU
		{DCBAB5BE-98F1-4BDF-99AD-2E69A2A45596}.Release|Any CPU.Build.0 = Release|Any CPU
	EndGlobalSection
	GlobalSection(SolutionProperties) = preSolution
		HideSolutionNode = FALSE
	EndGlobalSection
	GlobalSection(ExtensibilityGlobals) = postSolution
		SolutionGuid = {6A5D7977-0B87-4361-BFEC-BEB4FC36F609}
	EndGlobalSection
EndGlobal
